
Microsoft Visual Studio Solution File, Format Version 12.00
# Visual Studio Version 17
VisualStudioVersion = 17.10.34928.147
MinimumVisualStudioVersion = 10.0.40219.1
Project("{FAE04EC0-301F-11D3-BF4B-00C04F79EFBC}") = "OTROI_LR1", "OTROI_LR1\OTROI_LR1.csproj", "{BC84BAB4-AD91-42C7-9000-73270272D44C}"
EndProject
Global
	GlobalSection(SolutionConfigurationPlatforms) = preSolution
		Debug|Any CPU = Debug|Any CPU
		Release|Any CPU = Release|Any CPU
	EndGlobalSection
	GlobalSection(ProjectConfigurationPlatforms) = postSolution
		{BC84BAB4-AD91-42C7-9000-73270272D44C}.Debug|Any CPU.ActiveCfg = Debug|Any CPU
		{BC84BAB4-AD91-42C7-9000-73270272D44C}.Debug|Any CPU.Build.0 = Debug|Any CPU
		{BC84BAB4-AD91-42C7-9000-73270272D44C}.Release|Any CPU.ActiveCfg = Release|Any CPU
		{BC84BAB4-AD91-42C7-9000-73270272D44C}.Release|Any CPU.Build.0 = Release|Any CPU
	EndGlobalSection
	GlobalSection(SolutionProperties) = preSolution
		HideSolutionNode = FALSE
	EndGlobalSection
	GlobalSection(ExtensibilityGlobals) = postSolution
		SolutionGuid = {FAE353AD-BE7C-4F82-9D34-0597585EC820}
	EndGlobalSection
EndGlobal
